
Microsoft Visual Studio Solution File, Format Version 12.00
# Visual Studio Version 16
VisualStudioVersion = 16.0.810.14
MinimumVisualStudioVersion = 10.0.40219.1
Project("{FAE04EC0-301F-11D3-BF4B-00C04F79EFBC}") = "EX_01", "EX_01\EX_01.csproj", "{63A45D98-6CE2-4BB2-BB66-0B7C80C26028}"
EndProject
Project("{FAE04EC0-301F-11D3-BF4B-00C04F79EFBC}") = "EX_04_StringManipulation", "EX_04_StringManipulation\EX_04_StringManipulation.csproj", "{BF512665-DF9B-4BD5-9F45-72801CE9DB4D}"
EndProject
Project("{FAE04EC0-301F-11D3-BF4B-00C04F79EFBC}") = "EX_2_TrafficAccidents", "EX_2_TrafficAccidents\EX_2_TrafficAccidents.csproj", "{BF5D2E7A-A185-42B1-95D5-A687A7628CB7}"
EndProject
Project("{FAE04EC0-301F-11D3-BF4B-00C04F79EFBC}") = "EX_3_Sorting", "EX_3_Sorting\EX_3_Sorting.csproj", "{C324DA8A-7470-4550-A4DA-94A45F579B04}"
EndProject
Project("{FAE04EC0-301F-11D3-BF4B-00C04F79EFBC}") = "StringManipulationTests", "StringManipulationTests\StringManipulationTests.csproj", "{F595839F-8E6C-4C40-9DDA-36FDF2DE11ED}"
EndProject
Global
	GlobalSection(SolutionConfigurationPlatforms) = preSolution
		Debug|Any CPU = Debug|Any CPU
		Release|Any CPU = Release|Any CPU
	EndGlobalSection
	GlobalSection(ProjectConfigurationPlatforms) = postSolution
		{63A45D98-6CE2-4BB2-BB66-0B7C80C26028}.Debug|Any CPU.ActiveCfg = Debug|Any CPU
		{63A45D98-6CE2-4BB2-BB66-0B7C80C26028}.Debug|Any CPU.Build.0 = Debug|Any CPU
		{63A45D98-6CE2-4BB2-BB66-0B7C80C26028}.Release|Any CPU.ActiveCfg = Release|Any CPU
		{63A45D98-6CE2-4BB2-BB66-0B7C80C26028}.Release|Any CPU.Build.0 = Release|Any CPU
		{BF512665-DF9B-4BD5-9F45-72801CE9DB4D}.Debug|Any CPU.ActiveCfg = Debug|Any CPU
		{BF512665-DF9B-4BD5-9F45-72801CE9DB4D}.Debug|Any CPU.Build.0 = Debug|Any CPU
		{BF512665-DF9B-4BD5-9F45-72801CE9DB4D}.Release|Any CPU.ActiveCfg = Release|Any CPU
		{BF512665-DF9B-4BD5-9F45-72801CE9DB4D}.Release|Any CPU.Build.0 = Release|Any CPU
		{BF5D2E7A-A185-42B1-95D5-A687A7628CB7}.Debug|Any CPU.ActiveCfg = Debug|Any CPU
		{BF5D2E7A-A185-42B1-95D5-A687A7628CB7}.Debug|Any CPU.Build.0 = Debug|Any CPU
		{BF5D2E7A-A185-42B1-95D5-A687A7628CB7}.Release|Any CPU.ActiveCfg = Release|Any CPU
		{BF5D2E7A-A185-42B1-95D5-A687A7628CB7}.Release|Any CPU.Build.0 = Release|Any CPU
		{C324DA8A-7470-4550-A4DA-94A45F579B04}.Debug|Any CPU.ActiveCfg = Debug|Any CPU
		{C324DA8A-7470-4550-A4DA-94A45F579B04}.Debug|Any CPU.Build.0 = Debug|Any CPU
		{C324DA8A-7470-4550-A4DA-94A45F579B04}.Release|Any CPU.ActiveCfg = Release|Any CPU
		{C324DA8A-7470-4550-A4DA-94A45F579B04}.Release|Any CPU.Build.0 = Release|Any CPU
		{F595839F-8E6C-4C40-9DDA-36FDF2DE11ED}.Debug|Any CPU.ActiveCfg = Debug|Any CPU
		{F595839F-8E6C-4C40-9DDA-36FDF2DE11ED}.Debug|Any CPU.Build.0 = Debug|Any CPU
		{F595839F-8E6C-4C40-9DDA-36FDF2DE11ED}.Release|Any CPU.ActiveCfg = Release|Any CPU
		{F595839F-8E6C-4C40-9DDA-36FDF2DE11ED}.Release|Any CPU.Build.0 = Release|Any CPU
	EndGlobalSection
	GlobalSection(SolutionProperties) = preSolution
		HideSolutionNode = FALSE
	EndGlobalSection
	GlobalSection(ExtensibilityGlobals) = postSolution
		SolutionGuid = {E8111343-F38C-48DB-8C73-A4021B92FCE9}
	EndGlobalSection
EndGlobal
